lockfileVersion: 5.4

specifiers:
  '@twurple/api': 5.3.0-pre.1
  '@twurple/auth': 5.3.0-pre.1
  '@twurple/pubsub': ^5.2.7
  '@types/node': ^18.11.17
  esbuild: ^0.16.10
  obs-websocket-js: ^5.0.2
  undici: ^5.14.0

dependencies:
  '@twurple/api': 5.3.0-pre.1_@twurple+auth@5.3.0-pre.1
  '@twurple/auth': 5.3.0-pre.1
  '@twurple/pubsub': 5.2.7_@twurple+auth@5.3.0-pre.1
  obs-websocket-js: 5.0.2
  undici: 5.14.0

devDependencies:
  '@types/node': 18.11.17
  esbuild: 0.16.10

packages:

  /@d-fischer/cache-decorators/3.0.0:
    resolution: {integrity: sha512-mYUCjrp5hJgimceC5bof3zzmElyxzW4ty+73IjY12wvxLAqsq0CbgLGspnJm6KgwEfGoeRnISZD4EXJidG3FvA==}
    dependencies:
      '@d-fischer/shared-utils': 3.4.0
      '@types/node': 14.18.35
      tslib: 2.4.1
    dev: false

  /@d-fischer/connection/6.7.0:
    resolution: {integrity: sha512-gJlE0wO9d4or72J78AWyJKoXpvyzmQXtv+QX9NWkTeJH+sfXom+ml5rlYCU1ypa2IXy/B8fzu3QHioVh7uZ4HQ==}
    dependencies:
      '@d-fischer/isomorphic-ws': 7.0.0_ws@8.11.0
      '@d-fischer/logger': 4.2.0
      '@d-fischer/shared-utils': 3.4.0
      '@d-fischer/typed-event-emitter': 3.3.0
      '@types/node': 16.18.10
      '@types/ws': 8.5.3
      tslib: 2.4.1
      ws: 8.11.0
    transitivePeerDependencies:
      - bufferutil
      - utf-8-validate
    dev: false

  /@d-fischer/cross-fetch/4.1.0:
    resolution: {integrity: sha512-HH87JacceXOANr5XuBuSIQmPRPOvOUPwU1JR0DLUT6A8jGcP0jq2YUAiFCyZ8VGwDbTjsD3CZFpWIp5o7mIFWQ==}
    dependencies:
      node-fetch: 2.6.7
    transitivePeerDependencies:
      - encoding
    dev: false

  /@d-fischer/detect-node/3.0.1:
    resolution: {integrity: sha512-0Rf3XwTzuTh8+oPZW9SfxTIiL+26RRJ0BRPwj5oVjZFyFKmsj9RGfN2zuTRjOuA3FCK/jYm06HOhwNK+8Pfv8w==}
    dev: false

  /@d-fischer/isomorphic-ws/7.0.0_ws@8.11.0:
    resolution: {integrity: sha512-bydCy1tKvPKvyF0KeDvN1aiAZA4CzQVa2gHifNQczW9Czl89vZ4QHnJMjUcTboWKecbnz5mGiM9PjKA1Xx2Dyg==}
    peerDependencies:
      ws: ^8.2.0
    dependencies:
      ws: 8.11.0
    dev: false

  /@d-fischer/logger/4.2.0:
    resolution: {integrity: sha512-Hgm/GfeZfv2UPcRY4uF4S7OtCCv6Xxx++q7FAXc1qMrInaowKrmpo6YdFwRfZ8z53gzXFhc6H8j1Ttm0046uTw==}
    dependencies:
      '@d-fischer/shared-utils': 3.4.0
      detect-node: 2.1.0
      tslib: 2.4.1
    dev: false

  /@d-fischer/promise.allsettled/2.0.2:
    resolution: {integrity: sha512-xY0vYDwJYFe22MS5ccQ50N4Mcc2nQ8J4eWE5Y354IxZwW32O5uTT6mmhFSuVF6ZrKvzHOCIrK+9WqOR6TI3tcA==}
    engines: {node: '>= 0.4'}
    dependencies:
      array.prototype.map: 1.0.5
      call-bind: 1.0.2
      define-properties: 1.1.4
      es-abstract: 1.20.5
      get-intrinsic: 1.1.3
      iterate-value: 1.0.2
    dev: false

  /@d-fischer/qs/7.0.2:
    resolution: {integrity: sha512-yAu3xDooiL+ef84Jo8nLjDjWBRk7RXk163Y6aTvRB7FauYd3spQD/dWvgT7R4CrN54Juhrrc3dMY7mc+jZGurQ==}
    engines: {node: '>=0.6'}
    dev: false

  /@d-fischer/rate-limiter/0.6.1:
    resolution: {integrity: sha512-SqsMxs77c/W9knmcX9ccy12ASq+E5UXzxU/ZIDAhZyll+2IqyikhgLQUu5n7bdxb3kox+TOSCIEFxDSSaGhcTA==}
    dependencies:
      '@d-fischer/logger': 4.2.0
      '@d-fischer/promise.allsettled': 2.0.2
      '@d-fischer/shared-utils': 3.4.0
      '@types/node': 12.20.55
      tslib: 2.4.1
    dev: false

  /@d-fischer/shared-utils/3.4.0:
    resolution: {integrity: sha512-I4ntOyYJghVautg2e81bLCNAs3YBZkiQAB86rINrGLzKCyck7mkpJD8s3uerXKp254UeEWpYdoDv+n0HSZ3EaA==}
    dependencies:
      '@types/node': 14.18.35
      tslib: 2.4.1
    dev: false

  /@d-fischer/typed-event-emitter/3.3.0:
    resolution: {integrity: sha512-A8cFoHtzUgk4JHIsyEB+7SegBjyOmNxeTl2BwU+VVcbnyNCXfbFdC0fUYZTls7bdEpqH1GSBw9nlo2zk8ttQNw==}
    dependencies:
      '@types/node': 14.18.35
      tslib: 2.4.1
    dev: false

  /@esbuild/android-arm/0.16.10:
    resolution: {integrity: sha512-RmJjQTRrO6VwUWDrzTBLmV4OJZTarYsiepLGlF2rYTVB701hSorPywPGvP6d8HCuuRibyXa5JX4s3jN2kHEtjQ==}
    engines: {node: '>=12'}
    cpu: [arm]
    os: [android]
    requiresBuild: true
    dev: true
    optional: true

  /@esbuild/android-arm64/0.16.10:
    resolution: {integrity: sha512-47Y+NwVKTldTlDhSgJHZ/RpvBQMUDG7eKihqaF/u6g7s0ZPz4J1vy8A3rwnnUOF2CuDn7w7Gj/QcMoWz3U3SJw==}
    engines: {node: '>=12'}
    cpu: [arm64]
    os: [android]
    requiresBuild: true
    dev: true
    optional: true

  /@esbuild/android-x64/0.16.10:
    resolution: {integrity: sha512-C4PfnrBMcuAcOurQzpF1tTtZz94IXO5JmICJJ3NFJRHbXXsQUg9RFG45KvydKqtFfBaFLCHpduUkUfXwIvGnRg==}
    engines: {node: '>=12'}
    cpu: [x64]
    os: [android]
    requiresBuild: true
    dev: true
    optional: true

  /@esbuild/darwin-arm64/0.16.10:
    resolution: {integrity: sha512-bH/bpFwldyOKdi9HSLCLhhKeVgRYr9KblchwXgY2NeUHBB/BzTUHtUSBgGBmpydB1/4E37m+ggXXfSrnD7/E7g==}
    engines: {node: '>=12'}
    cpu: [arm64]
    os: [darwin]
    requiresBuild: true
    dev: true
    optional: true

  /@esbuild/darwin-x64/0.16.10:
    resolution: {integrity: sha512-OXt7ijoLuy+AjDSKQWu+KdDFMBbdeaL6wtgMKtDUXKWHiAMKHan5+R1QAG6HD4+K0nnOvEJXKHeA9QhXNAjOTQ==}
    engines: {node: '>=12'}
    cpu: [x64]
    os: [darwin]
    requiresBuild: true
    dev: true
    optional: true

  /@esbuild/freebsd-arm64/0.16.10:
    resolution: {integrity: sha512-shSQX/3GHuspE3Uxtq5kcFG/zqC+VuMnJkqV7LczO41cIe6CQaXHD3QdMLA4ziRq/m0vZo7JdterlgbmgNIAlQ==}
    engines: {node: '>=12'}
    cpu: [arm64]
    os: [freebsd]
    requiresBuild: true
    dev: true
    optional: true

  /@esbuild/freebsd-x64/0.16.10:
    resolution: {integrity: sha512-5YVc1zdeaJGASijZmTzSO4h6uKzsQGG3pkjI6fuXvolhm3hVRhZwnHJkforaZLmzvNv5Tb7a3QL2FAVmrgySIA==}
    engines: {node: '>=12'}
    cpu: [x64]
    os: [freebsd]
    requiresBuild: true
    dev: true
    optional: true

  /@esbuild/linux-arm/0.16.10:
    resolution: {integrity: sha512-c360287ZWI2miBnvIj23bPyVctgzeMT2kQKR+x94pVqIN44h3GF8VMEs1SFPH1UgyDr3yBbx3vowDS1SVhyVhA==}
    engines: {node: '>=12'}
    cpu: [arm]
    os: [linux]
    requiresBuild: true
    dev: true
    optional: true

  /@esbuild/linux-arm64/0.16.10:
    resolution: {integrity: sha512-2aqeNVxIaRfPcIaMZIFoblLh588sWyCbmj1HHCCs9WmeNWm+EIN0SmvsmPvTa/TsNZFKnxTcvkX2eszTcCqIrA==}
    engines: {node: '>=12'}
    cpu: [arm64]
    os: [linux]
    requiresBuild: true
    dev: true
    optional: true

  /@esbuild/linux-ia32/0.16.10:
    resolution: {integrity: sha512-sqMIEWeyrLGU7J5RB5fTkLRIFwsgsQ7ieWXlDLEmC2HblPYGb3AucD7inw2OrKFpRPKsec1l+lssiM3+NV5aOw==}
    engines: {node: '>=12'}
    cpu: [ia32]
    os: [linux]
    requiresBuild: true
    dev: true
    optional: true

  /@esbuild/linux-loong64/0.16.10:
    resolution: {integrity: sha512-O7Pd5hLEtTg37NC73pfhUOGTjx/+aXu5YoSq3ahCxcN7Bcr2F47mv+kG5t840thnsEzrv0oB70+LJu3gUgchvg==}
    engines: {node: '>=12'}
    cpu: [loong64]
    os: [linux]
    requiresBuild: true
    dev: true
    optional: true

  /@esbuild/linux-mips64el/0.16.10:
    resolution: {integrity: sha512-FN8mZOH7531iPHM0kaFhAOqqNHoAb6r/YHW2ZIxNi0a85UBi2DO4Vuyn7t1p4UN8a4LoAnLOT1PqNgHkgBJgbA==}
    engines: {node: '>=12'}
    cpu: [mips64el]
    os: [linux]
    requiresBuild: true
    dev: true
    optional: true

  /@esbuild/linux-ppc64/0.16.10:
    resolution: {integrity: sha512-Dg9RiqdvHOAWnOKIOTsIx8dFX9EDlY2IbPEY7YFzchrCiTZmMkD7jWA9UdZbNUygPjdmQBVPRCrLydReFlX9yg==}
    engines: {node: '>=12'}
    cpu: [ppc64]
    os: [linux]
    requiresBuild: true
    dev: true
    optional: true

  /@esbuild/linux-riscv64/0.16.10:
    resolution: {integrity: sha512-XMqtpjwzbmlar0BJIxmzu/RZ7EWlfVfH68Vadrva0Wj5UKOdKvqskuev2jY2oPV3aoQUyXwnMbMrFmloO2GfAw==}
    engines: {node: '>=12'}
    cpu: [riscv64]
    os: [linux]
    requiresBuild: true
    dev: true
    optional: true

  /@esbuild/linux-s390x/0.16.10:
    resolution: {integrity: sha512-fu7XtnoeRNFMx8DjK3gPWpFBDM2u5ba+FYwg27SjMJwKvJr4bDyKz5c+FLXLUSSAkMAt/UL+cUbEbra+rYtUgw==}
    engines: {node: '>=12'}
    cpu: [s390x]
    os: [linux]
    requiresBuild: true
    dev: true
    optional: true

  /@esbuild/linux-x64/0.16.10:
    resolution: {integrity: sha512-61lcjVC/RldNNMUzQQdyCWjCxp9YLEQgIxErxU9XluX7juBdGKb0pvddS0vPNuCvotRbzijZ1pzII+26haWzbA==}
    engines: {node: '>=12'}
    cpu: [x64]
    os: [linux]
    requiresBuild: true
    dev: true
    optional: true

  /@esbuild/netbsd-x64/0.16.10:
    resolution: {integrity: sha512-JeZXCX3viSA9j4HqSoygjssdqYdfHd6yCFWyfSekLbz4Ef+D2EjvsN02ZQPwYl5a5gg/ehdHgegHhlfOFP0HCA==}
    engines: {node: '>=12'}
    cpu: [x64]
    os: [netbsd]
    requiresBuild: true
    dev: true
    optional: true

  /@esbuild/openbsd-x64/0.16.10:
    resolution: {integrity: sha512-3qpxQKuEVIIg8SebpXsp82OBrqjPV/OwNWmG+TnZDr3VGyChNnGMHccC1xkbxCHDQNnnXjxhMQNyHmdFJbmbRA==}
    engines: {node: '>=12'}
    cpu: [x64]
    os: [openbsd]
    requiresBuild: true
    dev: true
    optional: true

  /@esbuild/sunos-x64/0.16.10:
    resolution: {integrity: sha512-z+q0xZ+et/7etz7WoMyXTHZ1rB8PMSNp/FOqURLJLOPb3GWJ2aj4oCqFCjPwEbW1rsT7JPpxeH/DwGAWk/I1Bg==}
    engines: {node: '>=12'}
    cpu: [x64]
    os: [sunos]
    requiresBuild: true
    dev: true
    optional: true

  /@esbuild/win32-arm64/0.16.10:
    resolution: {integrity: sha512-+YYu5sbQ9npkNT9Dec+tn1F/kjg6SMgr6bfi/6FpXYZvCRfu2YFPZGb+3x8K30s8eRxFpoG4sGhiSUkr1xbHEw==}
    engines: {node: '>=12'}
    cpu: [arm64]
    os: [win32]
    requiresBuild: true
    dev: true
    optional: true

  /@esbuild/win32-ia32/0.16.10:
    resolution: {integrity: sha512-Aw7Fupk7XNehR1ftHGYwUteyJ2q+em/aE+fVU3YMTBN2V5A7Z4aVCSV+SvCp9HIIHZavPFBpbdP3VfjQpdf6Xg==}
    engines: {node: '>=12'}
    cpu: [ia32]
    os: [win32]
    requiresBuild: true
    dev: true
    optional: true

  /@esbuild/win32-x64/0.16.10:
    resolution: {integrity: sha512-qddWullt3sC1EIpfHvCRBq3H4g3L86DZpD6n8k2XFjFVyp01D++uNbN1hT/JRsHxTbyyemZcpwL5aRlJwc/zFw==}
    engines: {node: '>=12'}
    cpu: [x64]
    os: [win32]
    requiresBuild: true
    dev: true
    optional: true

  /@msgpack/msgpack/2.8.0:
    resolution: {integrity: sha512-h9u4u/jiIRKbq25PM+zymTyW6bhTzELvOoUd+AvYriWOAKpLGnIamaET3pnHYoI5iYphAHBI4ayx0MehR+VVPQ==}
    engines: {node: '>= 10'}
    dev: false

  /@twurple/api-call/5.3.0-pre.1:
    resolution: {integrity: sha512-hVVPNX4tNY4ie/wm6biP7rGN4Az84FE335yqTN/WAbskqEmtjhftmNL0iDphOCLgs080YRJFYB24+BFVqPK0xg==}
    dependencies:
      '@d-fischer/cross-fetch': 4.1.0
      '@d-fischer/qs': 7.0.2
      '@twurple/common': 5.3.0-pre.1
      '@types/node-fetch': 2.6.2
      tslib: 2.4.1
    transitivePeerDependencies:
      - encoding
    dev: false

  /@twurple/api/5.3.0-pre.1_@twurple+auth@5.3.0-pre.1:
    resolution: {integrity: sha512-ylzjiJAKeva6TZGZ2WCzSPvKWbkdB6VEFisojhw8OjwWU6OfcjlReO3IxqC4U4ejrOnsv0iRWXfH3h1IvLJJUQ==}
    peerDependencies:
      '@twurple/auth': 5.3.0-pre.1
    dependencies:
      '@d-fischer/cache-decorators': 3.0.0
      '@d-fischer/detect-node': 3.0.1
      '@d-fischer/logger': 4.2.0
      '@d-fischer/rate-limiter': 0.6.1
      '@d-fischer/shared-utils': 3.4.0
      '@twurple/api-call': 5.3.0-pre.1
      '@twurple/auth': 5.3.0-pre.1
      '@twurple/common': 5.3.0-pre.1
      tslib: 2.4.1
    transitivePeerDependencies:
      - encoding
    dev: false

  /@twurple/auth/5.3.0-pre.1:
    resolution: {integrity: sha512-HreldeMdsFlcydSjBmt5xuijnJx0H5xaMiHKmt3cBr/mkrKH0lkbyO+iV+EHJD3z6d7EXmLp9e6nlp08lCC+sA==}
    dependencies:
      '@d-fischer/logger': 4.2.0
      '@d-fischer/shared-utils': 3.4.0
      '@twurple/api-call': 5.3.0-pre.1
      '@twurple/common': 5.3.0-pre.1
      tslib: 2.4.1
    transitivePeerDependencies:
      - encoding
    dev: false

  /@twurple/common/5.2.7:
    resolution: {integrity: sha512-d/z/JinTUiG1a3ycNHs7TLQm2QU5iJ+uMMzN6rWhZ3BBktDloYTktH1W1cYK/rhYISyApMLmxCZYmDbtuJ99TA==}
    dependencies:
      '@d-fischer/shared-utils': 3.4.0
      klona: 2.0.5
      tslib: 2.4.1
    dev: false

  /@twurple/common/5.3.0-pre.1:
    resolution: {integrity: sha512-4TDixwauRygUzACb3e5tSw0IWcunDX6b47sgds9njQ9wXfX6sHG+ZkUDbqtlxwgG2lyonbhQZfUoDh+d+NmsZQ==}
    dependencies:
      '@d-fischer/shared-utils': 3.4.0
      klona: 2.0.5
      tslib: 2.4.1
    dev: false

  /@twurple/pubsub/5.2.7_@twurple+auth@5.3.0-pre.1:
    resolution: {integrity: sha512-mqTLjXLZe0kZt4bZbW8D3A1wuONKxpiIaDcOOYK2suT+NyN0+ojma/d/VgDoaLwh0sIuy7lFGGi9jLekAuEqOA==}
    peerDependencies:
      '@twurple/auth': ^5.0.0
    dependencies:
      '@d-fischer/connection': 6.7.0
      '@d-fischer/logger': 4.2.0
      '@d-fischer/shared-utils': 3.4.0
      '@d-fischer/typed-event-emitter': 3.3.0
      '@twurple/auth': 5.3.0-pre.1
      '@twurple/common': 5.2.7
      tslib: 2.4.1
    transitivePeerDependencies:
      - bufferutil
      - utf-8-validate
    dev: false

  /@types/node-fetch/2.6.2:
    resolution: {integrity: sha512-DHqhlq5jeESLy19TYhLakJ07kNumXWjcDdxXsLUMJZ6ue8VZJj4kLPQVE/2mdHh3xZziNF1xppu5lwmS53HR+A==}
    dependencies:
      '@types/node': 18.11.17
      form-data: 3.0.1
    dev: false

  /@types/node/12.20.55:
    resolution: {integrity: sha512-J8xLz7q2OFulZ2cyGTLE1TbbZcjpno7FaN6zdJNrgAdrJ+DZzh/uFR6YrTb4C+nXakvud8Q4+rbhoIWlYQbUFQ==}
    dev: false

  /@types/node/14.18.35:
    resolution: {integrity: sha512-2ATO8pfhG1kDvw4Lc4C0GXIMSQFFJBCo/R1fSgTwmUlq5oy95LXyjDQinsRVgQY6gp6ghh3H91wk9ES5/5C+Tw==}
    dev: false

  /@types/node/16.18.10:
    resolution: {integrity: sha512-XU1+v7h81p7145ddPfjv7jtWvkSilpcnON3mQ+bDi9Yuf7OI56efOglXRyXWgQ57xH3fEQgh7WOJMncRHVew5w==}
    dev: false

  /@types/node/18.11.17:
    resolution: {integrity: sha512-HJSUJmni4BeDHhfzn6nF0sVmd1SMezP7/4F0Lq+aXzmp2xm9O7WXrUtHW/CHlYVtZUbByEvWidHqRtcJXGF2Ng==}

  /@types/ws/8.5.3:
    resolution: {integrity: sha512-6YOoWjruKj1uLf3INHH7D3qTXwFfEsg1kf3c0uDdSBJwfa/llkwIjrAGV7j7mVgGNbzTQ3HiHKKDXl6bJPD97w==}
    dependencies:
      '@types/node': 18.11.17
    dev: false

  /array.prototype.map/1.0.5:
    resolution: {integrity: sha512-gfaKntvwqYIuC7mLLyv2wzZIJqrRhn5PZ9EfFejSx6a78sV7iDsGpG9P+3oUPtm1Rerqm6nrKS4FYuTIvWfo3g==}
    engines: {node: '>= 0.4'}
    dependencies:
      call-bind: 1.0.2
      define-properties: 1.1.4
      es-abstract: 1.20.5
      es-array-method-boxes-properly: 1.0.0
      is-string: 1.0.7
    dev: false

  /asynckit/0.4.0:
    resolution: {integrity: sha512-Oei9OH4tRh0YqU3GxhX79dM/mwVgvbZJaSNaRk+bshkj0S5cfHcgYakreBjrHwatXKbz+IoIdYLxrKim2MjW0Q==}
    dev: false

  /busboy/1.6.0:
    resolution: {integrity: sha512-8SFQbg/0hQ9xy3UNTB0YEnsNBbWfhf7RtnzpL7TkBiTBRfrQ9Fxcnz7VJsleJpyp6rVLvXiuORqjlHi5q+PYuA==}
    engines: {node: '>=10.16.0'}
    dependencies:
      streamsearch: 1.1.0
    dev: false

  /call-bind/1.0.2:
    resolution: {integrity: sha512-7O+FbCihrB5WGbFYesctwmTKae6rOiIzmz1icreWJ+0aA7LJfuqhEso2T9ncpcFtzMQtzXf2QGGueWJGTYsqrA==}
    dependencies:
      function-bind: 1.1.1
      get-intrinsic: 1.1.3
    dev: false

  /combined-stream/1.0.8:
    resolution: {integrity: sha512-FQN4MRfuJeHf7cBbBMJFXhKSDq+2kAArBlmRBvcvFE5BB1HZKXtSFASDhdlz9zOYwxh8lDdnvmMOe/+5cdoEdg==}
    engines: {node: '>= 0.8'}
    dependencies:
      delayed-stream: 1.0.0
    dev: false

  /crypto-js/4.1.1:
    resolution: {integrity: sha512-o2JlM7ydqd3Qk9CA0L4NL6mTzU2sdx96a+oOfPu8Mkl/PK51vSyoi8/rQ8NknZtk44vq15lmhAj9CIAGwgeWKw==}
    dev: false

  /debug/4.3.4:
    resolution: {integrity: sha512-PRWFHuSU3eDtQJPvnNY7Jcket1j0t5OuOsFzPPzsekD52Zl8qUfFIPEiswXqIvHWGVHOgX+7G/vCNNhehwxfkQ==}
    engines: {node: '>=6.0'}
    peerDependencies:
      supports-color: '*'
    peerDependenciesMeta:
      supports-color:
        optional: true
    dependencies:
      ms: 2.1.2
    dev: false

  /define-properties/1.1.4:
    resolution: {integrity: sha512-uckOqKcfaVvtBdsVkdPv3XjveQJsNQqmhXgRi8uhvWWuPYZCNlzT8qAyblUgNoXdHdjMTzAqeGjAoli8f+bzPA==}
    engines: {node: '>= 0.4'}
    dependencies:
      has-property-descriptors: 1.0.0
      object-keys: 1.1.1
    dev: false

  /delayed-stream/1.0.0:
    resolution: {integrity: sha512-ZySD7Nf91aLB0RxL4KGrKHBXl7Eds1DAmEdcoVawXnLD7SDhpNgtuII2aAkg7a7QS41jxPSZ17p4VdGnMHk3MQ==}
    engines: {node: '>=0.4.0'}
    dev: false

  /detect-node/2.1.0:
    resolution: {integrity: sha512-T0NIuQpnTvFDATNuHN5roPwSBG83rFsuO+MXXH9/3N1eFbn4wcPjttvjMLEPWJ0RGUYgQE7cGgS3tNxbqCGM7g==}
    dev: false

  /es-abstract/1.20.5:
    resolution: {integrity: sha512-7h8MM2EQhsCA7pU/Nv78qOXFpD8Rhqd12gYiSJVkrH9+e8VuA8JlPJK/hQjjlLv6pJvx/z1iRFKzYb0XT/RuAQ==}
    engines: {node: '>= 0.4'}
    dependencies:
      call-bind: 1.0.2
      es-to-primitive: 1.2.1
      function-bind: 1.1.1
      function.prototype.name: 1.1.5
      get-intrinsic: 1.1.3
      get-symbol-description: 1.0.0
      gopd: 1.0.1
      has: 1.0.3
      has-property-descriptors: 1.0.0
      has-symbols: 1.0.3
      internal-slot: 1.0.4
      is-callable: 1.2.7
      is-negative-zero: 2.0.2
      is-regex: 1.1.4
      is-shared-array-buffer: 1.0.2
      is-string: 1.0.7
      is-weakref: 1.0.2
      object-inspect: 1.12.2
      object-keys: 1.1.1
      object.assign: 4.1.4
      regexp.prototype.flags: 1.4.3
      safe-regex-test: 1.0.0
      string.prototype.trimend: 1.0.6
      string.prototype.trimstart: 1.0.6
      unbox-primitive: 1.0.2
    dev: false

  /es-array-method-boxes-properly/1.0.0:
    resolution: {integrity: sha512-wd6JXUmyHmt8T5a2xreUwKcGPq6f1f+WwIJkijUqiGcJz1qqnZgP6XIK+QyIWU5lT7imeNxUll48bziG+TSYcA==}
    dev: false

  /es-get-iterator/1.1.2:
    resolution: {integrity: sha512-+DTO8GYwbMCwbywjimwZMHp8AuYXOS2JZFWoi2AlPOS3ebnII9w/NLpNZtA7A0YLaVDw+O7KFCeoIV7OPvM7hQ==}
    dependencies:
      call-bind: 1.0.2
      get-intrinsic: 1.1.3
      has-symbols: 1.0.3
      is-arguments: 1.1.1
      is-map: 2.0.2
      is-set: 2.0.2
      is-string: 1.0.7
      isarray: 2.0.5
    dev: false

  /es-to-primitive/1.2.1:
    resolution: {integrity: sha512-QCOllgZJtaUo9miYBcLChTUaHNjJF3PYs1VidD7AwiEj1kYxKeQTctLAezAOH5ZKRH0g2IgPn6KwB4IT8iRpvA==}
    engines: {node: '>= 0.4'}
    dependencies:
      is-callable: 1.2.7
      is-date-object: 1.0.5
      is-symbol: 1.0.4
    dev: false

  /esbuild/0.16.10:
    resolution: {integrity: sha512-z5dIViHoVnw2l+NCJ3zj5behdXjYvXne9gL18OOivCadXDUhyDkeSvEtLcGVAJW2fNmh33TDUpsi704XYlDodw==}
    engines: {node: '>=12'}
    hasBin: true
    requiresBuild: true
    optionalDependencies:
      '@esbuild/android-arm': 0.16.10
      '@esbuild/android-arm64': 0.16.10
      '@esbuild/android-x64': 0.16.10
      '@esbuild/darwin-arm64': 0.16.10
      '@esbuild/darwin-x64': 0.16.10
      '@esbuild/freebsd-arm64': 0.16.10
      '@esbuild/freebsd-x64': 0.16.10
      '@esbuild/linux-arm': 0.16.10
      '@esbuild/linux-arm64': 0.16.10
      '@esbuild/linux-ia32': 0.16.10
      '@esbuild/linux-loong64': 0.16.10
      '@esbuild/linux-mips64el': 0.16.10
      '@esbuild/linux-ppc64': 0.16.10
      '@esbuild/linux-riscv64': 0.16.10
      '@esbuild/linux-s390x': 0.16.10
      '@esbuild/linux-x64': 0.16.10
      '@esbuild/netbsd-x64': 0.16.10
      '@esbuild/openbsd-x64': 0.16.10
      '@esbuild/sunos-x64': 0.16.10
      '@esbuild/win32-arm64': 0.16.10
      '@esbuild/win32-ia32': 0.16.10
      '@esbuild/win32-x64': 0.16.10
    dev: true

  /eventemitter3/4.0.7:
    resolution: {integrity: sha512-8guHBZCwKnFhYdHr2ysuRWErTwhoN2X8XELRlrRwpmfeY2jjuUN4taQMsULKUVo1K4DvZl+0pgfyoysHxvmvEw==}
    dev: false

  /form-data/3.0.1:
    resolution: {integrity: sha512-RHkBKtLWUVwd7SqRIvCZMEvAMoGUp0XU+seQiZejj0COz3RI3hWP4sCv3gZWWLjJTd7rGwcsF5eKZGii0r/hbg==}
    engines: {node: '>= 6'}
    dependencies:
      asynckit: 0.4.0
      combined-stream: 1.0.8
      mime-types: 2.1.35
    dev: false

  /function-bind/1.1.1:
    resolution: {integrity: sha512-yIovAzMX49sF8Yl58fSCWJ5svSLuaibPxXQJFLmBObTuCr0Mf1KiPopGM9NiFjiYBCbfaa2Fh6breQ6ANVTI0A==}
    dev: false

  /function.prototype.name/1.1.5:
    resolution: {integrity: sha512-uN7m/BzVKQnCUF/iW8jYea67v++2u7m5UgENbHRtdDVclOUP+FMPlCNdmk0h/ysGyo2tavMJEDqJAkJdRa1vMA==}
    engines: {node: '>= 0.4'}
    dependencies:
      call-bind: 1.0.2
      define-properties: 1.1.4
      es-abstract: 1.20.5
      functions-have-names: 1.2.3
    dev: false

  /functions-have-names/1.2.3:
    resolution: {integrity: sha512-xckBUXyTIqT97tq2x2AMb+g163b5JFysYk0x4qxNFwbfQkmNZoiRHb6sPzI9/QV33WeuvVYBUIiD4NzNIyqaRQ==}
    dev: false

  /get-intrinsic/1.1.3:
    resolution: {integrity: sha512-QJVz1Tj7MS099PevUG5jvnt9tSkXN8K14dxQlikJuPt4uD9hHAHjLyLBiLR5zELelBdD9QNRAXZzsJx0WaDL9A==}
    dependencies:
      function-bind: 1.1.1
      has: 1.0.3
      has-symbols: 1.0.3
    dev: false

  /get-symbol-description/1.0.0:
    resolution: {integrity: sha512-2EmdH1YvIQiZpltCNgkuiUnyukzxM/R6NDJX31Ke3BG1Nq5b0S2PhX59UKi9vZpPDQVdqn+1IcaAwnzTT5vCjw==}
    engines: {node: '>= 0.4'}
    dependencies:
      call-bind: 1.0.2
      get-intrinsic: 1.1.3
    dev: false

  /gopd/1.0.1:
    resolution: {integrity: sha512-d65bNlIadxvpb/A2abVdlqKqV563juRnZ1Wtk6s1sIR8uNsXR70xqIzVqxVf1eTqDunwT2MkczEeaezCKTZhwA==}
    dependencies:
      get-intrinsic: 1.1.3
    dev: false

  /has-bigints/1.0.2:
    resolution: {integrity: sha512-tSvCKtBr9lkF0Ex0aQiP9N+OpV4zi2r/Nee5VkRDbaqv35RLYMzbwQfFSZZH0kR+Rd6302UJZ2p/bJCEoR3VoQ==}
    dev: false

  /has-property-descriptors/1.0.0:
    resolution: {integrity: sha512-62DVLZGoiEBDHQyqG4w9xCuZ7eJEwNmJRWw2VY84Oedb7WFcA27fiEVe8oUQx9hAUJ4ekurquucTGwsyO1XGdQ==}
    dependencies:
      get-intrinsic: 1.1.3
    dev: false

  /has-symbols/1.0.3:
    resolution: {integrity: sha512-l3LCuF6MgDNwTDKkdYGEihYjt5pRPbEg46rtlmnSPlUbgmB8LOIrKJbYYFBSbnPaJexMKtiPO8hmeRjRz2Td+A==}
    engines: {node: '>= 0.4'}
    dev: false

  /has-tostringtag/1.0.0:
    resolution: {integrity: sha512-kFjcSNhnlGV1kyoGk7OXKSawH5JOb/LzUc5w9B02hOTO0dfFRjbHQKvg1d6cf3HbeUmtU9VbbV3qzZ2Teh97WQ==}
    engines: {node: '>= 0.4'}
    dependencies:
      has-symbols: 1.0.3
    dev: false

  /has/1.0.3:
    resolution: {integrity: sha512-f2dvO0VU6Oej7RkWJGrehjbzMAjFp5/VKPp5tTpWIV4JHHZK1/BxbFRtf/siA2SWTe09caDmVtYYzWEIbBS4zw==}
    engines: {node: '>= 0.4.0'}
    dependencies:
      function-bind: 1.1.1
    dev: false

  /internal-slot/1.0.4:
    resolution: {integrity: sha512-tA8URYccNzMo94s5MQZgH8NB/XTa6HsOo0MLfXTKKEnHVVdegzaQoFZ7Jp44bdvLvY2waT5dc+j5ICEswhi7UQ==}
    engines: {node: '>= 0.4'}
    dependencies:
      get-intrinsic: 1.1.3
      has: 1.0.3
      side-channel: 1.0.4
    dev: false

  /is-arguments/1.1.1:
    resolution: {integrity: sha512-8Q7EARjzEnKpt/PCD7e1cgUS0a6X8u5tdSiMqXhojOdoV9TsMsiO+9VLC5vAmO8N7/GmXn7yjR8qnA6bVAEzfA==}
    engines: {node: '>= 0.4'}
    dependencies:
      call-bind: 1.0.2
      has-tostringtag: 1.0.0
    dev: false

  /is-bigint/1.0.4:
    resolution: {integrity: sha512-zB9CruMamjym81i2JZ3UMn54PKGsQzsJeo6xvN3HJJ4CAsQNB6iRutp2To77OfCNuoxspsIhzaPoO1zyCEhFOg==}
    dependencies:
      has-bigints: 1.0.2
    dev: false

  /is-boolean-object/1.1.2:
    resolution: {integrity: sha512-gDYaKHJmnj4aWxyj6YHyXVpdQawtVLHU5cb+eztPGczf6cjuTdwve5ZIEfgXqH4e57An1D1AKf8CZ3kYrQRqYA==}
    engines: {node: '>= 0.4'}
    dependencies:
      call-bind: 1.0.2
      has-tostringtag: 1.0.0
    dev: false

  /is-callable/1.2.7:
    resolution: {integrity: sha512-1BC0BVFhS/p0qtw6enp8e+8OD0UrK0oFLztSjNzhcKA3WDuJxxAPXzPuPtKkjEY9UUoEWlX/8fgKeu2S8i9JTA==}
    engines: {node: '>= 0.4'}
    dev: false

  /is-date-object/1.0.5:
    resolution: {integrity: sha512-9YQaSxsAiSwcvS33MBk3wTCVnWK+HhF8VZR2jRxehM16QcVOdHqPn4VPHmRK4lSr38n9JriurInLcP90xsYNfQ==}
    engines: {node: '>= 0.4'}
    dependencies:
      has-tostringtag: 1.0.0
    dev: false

  /is-map/2.0.2:
    resolution: {integrity: sha512-cOZFQQozTha1f4MxLFzlgKYPTyj26picdZTx82hbc/Xf4K/tZOOXSCkMvU4pKioRXGDLJRn0GM7Upe7kR721yg==}
    dev: false

  /is-negative-zero/2.0.2:
    resolution: {integrity: sha512-dqJvarLawXsFbNDeJW7zAz8ItJ9cd28YufuuFzh0G8pNHjJMnY08Dv7sYX2uF5UpQOwieAeOExEYAWWfu7ZZUA==}
    engines: {node: '>= 0.4'}
    dev: false

  /is-number-object/1.0.7:
    resolution: {integrity: sha512-k1U0IRzLMo7ZlYIfzRu23Oh6MiIFasgpb9X76eqfFZAqwH44UI4KTBvBYIZ1dSL9ZzChTB9ShHfLkR4pdW5krQ==}
    engines: {node: '>= 0.4'}
    dependencies:
      has-tostringtag: 1.0.0
    dev: false

  /is-regex/1.1.4:
    resolution: {integrity: sha512-kvRdxDsxZjhzUX07ZnLydzS1TU/TJlTUHHY4YLL87e37oUA49DfkLqgy+VjFocowy29cKvcSiu+kIv728jTTVg==}
    engines: {node: '>= 0.4'}
    dependencies:
      call-bind: 1.0.2
      has-tostringtag: 1.0.0
    dev: false

  /is-set/2.0.2:
    resolution: {integrity: sha512-+2cnTEZeY5z/iXGbLhPrOAaK/Mau5k5eXq9j14CpRTftq0pAJu2MwVRSZhyZWBzx3o6X795Lz6Bpb6R0GKf37g==}
    dev: false

  /is-shared-array-buffer/1.0.2:
    resolution: {integrity: sha512-sqN2UDu1/0y6uvXyStCOzyhAjCSlHceFoMKJW8W9EU9cvic/QdsZ0kEU93HEy3IUEFZIiH/3w+AH/UQbPHNdhA==}
    dependencies:
      call-bind: 1.0.2
    dev: false

  /is-string/1.0.7:
    resolution: {integrity: sha512-tE2UXzivje6ofPW7l23cjDOMa09gb7xlAqG6jG5ej6uPV32TlWP3NKPigtaGeHNu9fohccRYvIiZMfOOnOYUtg==}
    engines: {node: '>= 0.4'}
    dependencies:
      has-tostringtag: 1.0.0
    dev: false

  /is-symbol/1.0.4:
    resolution: {integrity: sha512-C/CPBqKWnvdcxqIARxyOh4v1UUEOCHpgDa0WYgpKDFMszcrPcffg5uhwSgPCLD2WWxmq6isisz87tzT01tuGhg==}
    engines: {node: '>= 0.4'}
    dependencies:
      has-symbols: 1.0.3
    dev: false

  /is-weakref/1.0.2:
    resolution: {integrity: sha512-qctsuLZmIQ0+vSSMfoVvyFe2+GSEvnmZ2ezTup1SBse9+twCCeial6EEi3Nc2KFcf6+qz2FBPnjXsk8xhKSaPQ==}
    dependencies:
      call-bind: 1.0.2
    dev: false

  /isarray/2.0.5:
    resolution: {integrity: sha512-xHjhDr3cNBK0BzdUJSPXZntQUx/mwMS5Rw4A7lPJ90XGAO6ISP/ePDNuo0vhqOZU+UD5JoodwCAAoZQd3FeAKw==}
    dev: false

  /isomorphic-ws/4.0.1_ws@8.11.0:
    resolution: {integrity: sha512-BhBvN2MBpWTaSHdWRb/bwdZJ1WaehQ2L1KngkCkfLUGF0mAWAT1sQUQacEmQ0jXkFw/czDXPNQSL5u2/Krsz1w==}
    peerDependencies:
      ws: '*'
    dependencies:
      ws: 8.11.0
    dev: false

  /iterate-iterator/1.0.2:
    resolution: {integrity: sha512-t91HubM4ZDQ70M9wqp+pcNpu8OyJ9UAtXntT/Bcsvp5tZMnz9vRa+IunKXeI8AnfZMTv0jNuVEmGeLSMjVvfPw==}
    dev: false

  /iterate-value/1.0.2:
    resolution: {integrity: sha512-A6fMAio4D2ot2r/TYzr4yUWrmwNdsN5xL7+HUiyACE4DXm+q8HtPcnFTp+NnW3k4N05tZ7FVYFFb2CR13NxyHQ==}
    dependencies:
      es-get-iterator: 1.1.2
      iterate-iterator: 1.0.2
    dev: false

  /klona/2.0.5:
    resolution: {integrity: sha512-pJiBpiXMbt7dkzXe8Ghj/u4FfXOOa98fPW+bihOJ4SjnoijweJrNThJfd3ifXpXhREjpoF2mZVH1GfS9LV3kHQ==}
    engines: {node: '>= 8'}
    dev: false

  /mime-db/1.52.0:
    resolution: {integrity: sha512-sPU4uV7dYlvtWJxwwxHD0PuihVNiE7TyAbQ5SWxDCB9mUYvOgroQOwYQQOKPJ8CIbE+1ETVlOoK1UC2nU3gYvg==}
    engines: {node: '>= 0.6'}
    dev: false

  /mime-types/2.1.35:
    resolution: {integrity: sha512-ZDY+bPm5zTTF+YpCrAU9nK0UgICYPT0QtT1NZWFv4s++TNkcgVaT0g6+4R2uI4MjQjzysHB1zxuWL50hzaeXiw==}
    engines: {node: '>= 0.6'}
    dependencies:
      mime-db: 1.52.0
    dev: false

  /ms/2.1.2:
    resolution: {integrity: sha512-sGkPx+VjMtmA6MX27oA4FBFELFCZZ4S4XqeGOXCv68tT+jb3vk/RyaKWP0PTKyWtmLSM0b+adUTEvbs1PEaH2w==}
    dev: false

  /node-fetch/2.6.7:
    resolution: {integrity: sha512-ZjMPFEfVx5j+y2yF35Kzx5sF7kDzxuDj6ziH4FFbOp87zKDZNx8yExJIb05OGF4Nlt9IHFIMBkRl41VdvcNdbQ==}
    engines: {node: 4.x || >=6.0.0}
    peerDependencies:
      encoding: ^0.1.0
    peerDependenciesMeta:
      encoding:
        optional: true
    dependencies:
      whatwg-url: 5.0.0
    dev: false

  /object-inspect/1.12.2:
    resolution: {integrity: sha512-z+cPxW0QGUp0mcqcsgQyLVRDoXFQbXOwBaqyF7VIgI4TWNQsDHrBpUQslRmIfAoYWdYzs6UlKJtB2XJpTaNSpQ==}
    dev: false

  /object-keys/1.1.1:
    resolution: {integrity: sha512-NuAESUOUMrlIXOfHKzD6bpPu3tYt3xvjNdRIQ+FeT0lNb4K8WR70CaDxhuNguS2XG+GjkyMwOzsN5ZktImfhLA==}
    engines: {node: '>= 0.4'}
    dev: false

  /object.assign/4.1.4:
    resolution: {integrity: sha512-1mxKf0e58bvyjSCtKYY4sRe9itRk3PJpquJOjeIkz885CczcI4IvJJDLPS72oowuSh+pBxUFROpX+TU++hxhZQ==}
    engines: {node: '>= 0.4'}
    dependencies:
      call-bind: 1.0.2
      define-properties: 1.1.4
      has-symbols: 1.0.3
      object-keys: 1.1.1
    dev: false

  /obs-websocket-js/5.0.2:
    resolution: {integrity: sha512-4XxWd5abIFOk0HjIHk+X/NwSXuOTPGsNnn7845g0UQZV0T3AtNk+dfp21zSjJVzuN/5oZR3UKjzEqg8pxMndCA==}
    engines: {node: '>12.0'}
    dependencies:
      '@msgpack/msgpack': 2.8.0
      crypto-js: 4.1.1
      debug: 4.3.4
      eventemitter3: 4.0.7
      isomorphic-ws: 4.0.1_ws@8.11.0
      type-fest: 2.19.0
      ws: 8.11.0
    transitivePeerDependencies:
      - bufferutil
      - supports-color
      - utf-8-validate
    dev: false

  /regexp.prototype.flags/1.4.3:
    resolution: {integrity: sha512-fjggEOO3slI6Wvgjwflkc4NFRCTZAu5CnNfBd5qOMYhWdn67nJBBu34/TkD++eeFmd8C9r9jfXJ27+nSiRkSUA==}
    engines: {node: '>= 0.4'}
    dependencies:
      call-bind: 1.0.2
      define-properties: 1.1.4
      functions-have-names: 1.2.3
    dev: false

  /safe-regex-test/1.0.0:
    resolution: {integrity: sha512-JBUUzyOgEwXQY1NuPtvcj/qcBDbDmEvWufhlnXZIm75DEHp+afM1r1ujJpJsV/gSM4t59tpDyPi1sd6ZaPFfsA==}
    dependencies:
      call-bind: 1.0.2
      get-intrinsic: 1.1.3
      is-regex: 1.1.4
    dev: false

  /side-channel/1.0.4:
    resolution: {integrity: sha512-q5XPytqFEIKHkGdiMIrY10mvLRvnQh42/+GoBlFW3b2LXLE2xxJpZFdm94we0BaoV3RwJyGqg5wS7epxTv0Zvw==}
    dependencies:
      call-bind: 1.0.2
      get-intrinsic: 1.1.3
      object-inspect: 1.12.2
    dev: false

  /streamsearch/1.1.0:
    resolution: {integrity: sha512-Mcc5wHehp9aXz1ax6bZUyY5afg9u2rv5cqQI3mRrYkGC8rW2hM02jWuwjtL++LS5qinSyhj2QfLyNsuc+VsExg==}
    engines: {node: '>=10.0.0'}
    dev: false

  /string.prototype.trimend/1.0.6:
    resolution: {integrity: sha512-JySq+4mrPf9EsDBEDYMOb/lM7XQLulwg5R/m1r0PXEFqrV0qHvl58sdTilSXtKOflCsK2E8jxf+GKC0T07RWwQ==}
    dependencies:
      call-bind: 1.0.2
      define-properties: 1.1.4
      es-abstract: 1.20.5
    dev: false

  /string.prototype.trimstart/1.0.6:
    resolution: {integrity: sha512-omqjMDaY92pbn5HOX7f9IccLA+U1tA9GvtU4JrodiXFfYB7jPzzHpRzpglLAjtUV6bB557zwClJezTqnAiYnQA==}
    dependencies:
      call-bind: 1.0.2
      define-properties: 1.1.4
      es-abstract: 1.20.5
    dev: false

  /tr46/0.0.3:
    resolution: {integrity: sha512-N3WMsuqV66lT30CrXNbEjx4GEwlow3v6rr4mCcv6prnfwhS01rkgyFdjPNBYd9br7LpXV1+Emh01fHnq2Gdgrw==}
    dev: false

  /tslib/2.4.1:
    resolution: {integrity: sha512-tGyy4dAjRIEwI7BzsB0lynWgOpfqjUdq91XXAlIWD2OwKBH7oCl/GZG/HT4BOHrTlPMOASlMQ7veyTqpmRcrNA==}
    dev: false

  /type-fest/2.19.0:
    resolution: {integrity: sha512-RAH822pAdBgcNMAfWnCBU3CFZcfZ/i1eZjwFU/dsLKumyuuP3niueg2UAukXYF0E2AAoc82ZSSf9J0WQBinzHA==}
    engines: {node: '>=12.20'}
    dev: false

  /unbox-primitive/1.0.2:
    resolution: {integrity: sha512-61pPlCD9h51VoreyJ0BReideM3MDKMKnh6+V9L08331ipq6Q8OFXZYiqP6n/tbHx4s5I9uRhcye6BrbkizkBDw==}
    dependencies:
      call-bind: 1.0.2
      has-bigints: 1.0.2
      has-symbols: 1.0.3
      which-boxed-primitive: 1.0.2
    dev: false

  /undici/5.14.0:
    resolution: {integrity: sha512-yJlHYw6yXPPsuOH0x2Ib1Km61vu4hLiRRQoafs+WUgX1vO64vgnxiCEN9dpIrhZyHFsai3F0AEj4P9zy19enEQ==}
    engines: {node: '>=12.18'}
    dependencies:
      busboy: 1.6.0
    dev: false

  /webidl-conversions/3.0.1:
    resolution: {integrity: sha512-2JAn3z8AR6rjK8Sm8orRC0h/bcl/DqL7tRPdGZ4I1CjdF+EaMLmYxBHyXuKL849eucPFhvBoxMsflfOb8kxaeQ==}
    dev: false

  /whatwg-url/5.0.0:
    resolution: {integrity: sha512-saE57nupxk6v3HY35+jzBwYa0rKSy0XR8JSxZPwgLr7ys0IBzhGviA1/TUGJLmSVqs8pb9AnvICXEuOHLprYTw==}
    dependencies:
      tr46: 0.0.3
      webidl-conversions: 3.0.1
    dev: false

  /which-boxed-primitive/1.0.2:
    resolution: {integrity: sha512-bwZdv0AKLpplFY2KZRX6TvyuN7ojjr7lwkg6ml0roIy9YeuSr7JS372qlNW18UQYzgYK9ziGcerWqZOmEn9VNg==}
    dependencies:
      is-bigint: 1.0.4
      is-boolean-object: 1.1.2
      is-number-object: 1.0.7
      is-string: 1.0.7
      is-symbol: 1.0.4
    dev: false

  /ws/8.11.0:
    resolution: {integrity: sha512-HPG3wQd9sNQoT9xHyNCXoDUa+Xw/VevmY9FoHyQ+g+rrMn4j6FB4np7Z0OhdTgjx6MgQLK7jwSy1YecU1+4Asg==}
    engines: {node: '>=10.0.0'}
    peerDependencies:
      bufferutil: ^4.0.1
      utf-8-validate: ^5.0.2
    peerDependenciesMeta:
      bufferutil:
        optional: true
      utf-8-validate:
        optional: true
    dev: false
